
Microsoft Visual Studio Solution File, Format Version 12.00
# Visual Studio Version 16
VisualStudioVersion = 25.0.1703.5
MinimumVisualStudioVersion = 10.0.40219.1
Project("{FAE04EC0-301F-11D3-BF4B-00C04F79EFBC}") = "WeatherApp", "WeatherApp\WeatherApp.csproj", "{E97AE604-BDB1-4C8A-AA54-DE17234EC172}"
EndProject
Global
	GlobalSection(SolutionConfigurationPlatforms) = preSolution
		Debug|Any CPU = Debug|Any CPU
		Release|Any CPU = Release|Any CPU
	EndGlobalSection
	GlobalSection(ProjectConfigurationPlatforms) = postSolution
		{E97AE604-BDB1-4C8A-AA54-DE17234EC172}.Debug|Any CPU.ActiveCfg = Debug|Any CPU
		{E97AE604-BDB1-4C8A-AA54-DE17234EC172}.Debug|Any CPU.Build.0 = Debug|Any CPU
		{E97AE604-BDB1-4C8A-AA54-DE17234EC172}.Release|Any CPU.ActiveCfg = Release|Any CPU
		{E97AE604-BDB1-4C8A-AA54-DE17234EC172}.Release|Any CPU.Build.0 = Release|Any CPU
	EndGlobalSection
	GlobalSection(SolutionProperties) = preSolution
		HideSolutionNode = FALSE
	EndGlobalSection
	GlobalSection(ExtensibilityGlobals) = postSolution
		SolutionGuid = {2DFD6B5C-8769-4DF7-BD03-A4045563DF94}
	EndGlobalSection
EndGlobal
